// !$*UTF8*$!
{
	archiveVersion = 1;
	classes = {
	};
	objectVersion = 55;
	objects = {

/* Begin PBXBuildFile section */
		31D430C8194DCDEEF59AEED1 /* Pods_Runner.framework in Frameworks */ = {isa = PBXBuildFile; fileRef = FA382F1F5686E1BFD1F64B69 /* Pods_Runner.framework */; };
		652091BA27A08B5400A0D166 /* Location.swift in Sources */ = {isa = PBXBuildFile; fileRef = 652091B927A08B5400A0D166 /* Location.swift */; };
		657C4AD127983A1600432B86 /* AppDelegate.swift in Sources */ = {isa = PBXBuildFile; fileRef = 657C4AD027983A1600432B86 /* AppDelegate.swift */; };
		657C4AD327983A1600432B86 /* SceneDelegate.swift in Sources */ = {isa = PBXBuildFile; fileRef = 657C4AD227983A1600432B86 /* SceneDelegate.swift */; };
		657C4AD527983A1600432B86 /* RunningTrackViewController.swift in Sources */ = {isa = PBXBuildFile; fileRef = 657C4AD427983A1600432B86 /* RunningTrackViewController.swift */; };
		657C4AD827983A1600432B86 /* Main.storyboard in Resources */ = {isa = PBXBuildFile; fileRef = 657C4AD627983A1600432B86 /* Main.storyboard */; };
		657C4ADA27983A1600432B86 /* Assets.xcassets in Resources */ = {isa = PBXBuildFile; fileRef = 657C4AD927983A1600432B86 /* Assets.xcassets */; };
		657C4ADD27983A1600432B86 /* LaunchScreen.storyboard in Resources */ = {isa = PBXBuildFile; fileRef = 657C4ADB27983A1600432B86 /* LaunchScreen.storyboard */; };
		657C4AE52798408A00432B86 /* StartToRunViewController.swift in Sources */ = {isa = PBXBuildFile; fileRef = 657C4AE42798408A00432B86 /* StartToRunViewController.swift */; };
		657C4AE727986B8C00432B86 /* HistoryViewController.swift in Sources */ = {isa = PBXBuildFile; fileRef = 657C4AE627986B8C00432B86 /* HistoryViewController.swift */; };
		657C4AEC2798ADD700432B86 /* LocationViewController.swift in Sources */ = {isa = PBXBuildFile; fileRef = 657C4AEB2798ADD700432B86 /* LocationViewController.swift */; };
		659623D8279DE70E009D64B2 /* Extension.swift in Sources */ = {isa = PBXBuildFile; fileRef = 659623D7279DE70E009D64B2 /* Extension.swift */; };
		659623DA279DF28D009D64B2 /* RunModel.swift in Sources */ = {isa = PBXBuildFile; fileRef = 659623D9279DF28D009D64B2 /* RunModel.swift */; };
		659623DC279F2561009D64B2 /* Constants.swift in Sources */ = {isa = PBXBuildFile; fileRef = 659623DB279F2561009D64B2 /* Constants.swift */; };
		659623DE279F2ECD009D64B2 /* RunHistoryCell.swift in Sources */ = {isa = PBXBuildFile; fileRef = 659623DD279F2ECD009D64B2 /* RunHistoryCell.swift */; };
/* End PBXBuildFile section */

/* Begin PBXFileReference section */
		652091B927A08B5400A0D166 /* Location.swift */ = {isa = PBXFileReference; lastKnownFileType = sourcecode.swift; path = Location.swift; sourceTree = "<group>"; };
		657C4ACD27983A1600432B86 /* Runner.app */ = {isa = PBXFileReference; explicitFileType = wrapper.application; includeInIndex = 0; path = Runner.app; sourceTree = BUILT_PRODUCTS_DIR; };
		657C4AD027983A1600432B86 /* AppDelegate.swift */ = {isa = PBXFileReference; lastKnownFileType = sourcecode.swift; path = AppDelegate.swift; sourceTree = "<group>"; };
		657C4AD227983A1600432B86 /* SceneDelegate.swift */ = {isa = PBXFileReference; lastKnownFileType = sourcecode.swift; path = SceneDelegate.swift; sourceTree = "<group>"; };
		657C4AD427983A1600432B86 /* RunningTrackViewController.swift */ = {isa = PBXFileReference; lastKnownFileType = sourcecode.swift; path = RunningTrackViewController.swift; sourceTree = "<group>"; };
		657C4AD727983A1600432B86 /* Base */ = {isa = PBXFileReference; lastKnownFileType = file.storyboard; name = Base; path = Base.lproj/Main.storyboard; sourceTree = "<group>"; };
		657C4AD927983A1600432B86 /* Assets.xcassets */ = {isa = PBXFileReference; lastKnownFileType = folder.assetcatalog; path = Assets.xcassets; sourceTree = "<group>"; };
		657C4ADC27983A1600432B86 /* Base */ = {isa = PBXFileReference; lastKnownFileType = file.storyboard; name = Base; path = Base.lproj/LaunchScreen.storyboard; sourceTree = "<group>"; };
		657C4ADE27983A1600432B86 /* Info.plist */ = {isa = PBXFileReference; lastKnownFileType = text.plist.xml; path = Info.plist; sourceTree = "<group>"; };
		657C4AE42798408A00432B86 /* StartToRunViewController.swift */ = {isa = PBXFileReference; lastKnownFileType = sourcecode.swift; path = StartToRunViewController.swift; sourceTree = "<group>"; };
		657C4AE627986B8C00432B86 /* HistoryViewController.swift */ = {isa = PBXFileReference; lastKnownFileType = sourcecode.swift; path = HistoryViewController.swift; sourceTree = "<group>"; };
		657C4AEB2798ADD700432B86 /* LocationViewController.swift */ = {isa = PBXFileReference; lastKnownFileType = sourcecode.swift; path = LocationViewController.swift; sourceTree = "<group>"; };
		659623D7279DE70E009D64B2 /* Extension.swift */ = {isa = PBXFileReference; lastKnownFileType = sourcecode.swift; path = Extension.swift; sourceTree = "<group>"; };
		659623D9279DF28D009D64B2 /* RunModel.swift */ = {isa = PBXFileReference; lastKnownFileType = sourcecode.swift; path = RunModel.swift; sourceTree = "<group>"; };
		659623DB279F2561009D64B2 /* Constants.swift */ = {isa = PBXFileReference; lastKnownFileType = sourcecode.swift; path = Constants.swift; sourceTree = "<group>"; };
		659623DD279F2ECD009D64B2 /* RunHistoryCell.swift */ = {isa = PBXFileReference; lastKnownFileType = sourcecode.swift; path = RunHistoryCell.swift; sourceTree = "<group>"; };
		9C87D8CFAFD03B7DDAA4743D /* Pods-Runner.release.xcconfig */ = {isa = PBXFileReference; includeInIndex = 1; lastKnownFileType = text.xcconfig; name = "Pods-Runner.release.xcconfig"; path = "Target Support Files/Pods-Runner/Pods-Runner.release.xcconfig"; sourceTree = "<group>"; };
		A2EE433E3E5F68794D59E9BA /* Pods-Runner.debug.xcconfig */ = {isa = PBXFileReference; includeInIndex = 1; lastKnownFileType = text.xcconfig; name = "Pods-Runner.debug.xcconfig"; path = "Target Support Files/Pods-Runner/Pods-Runner.debug.xcconfig"; sourceTree = "<group>"; };
		FA382F1F5686E1BFD1F64B69 /* Pods_Runner.framework */ = {isa = PBXFileReference; explicitFileType = wrapper.framework; includeInIndex = 0; path = Pods_Runner.framework; sourceTree = BUILT_PRODUCTS_DIR; };
/* End PBXFileReference section */

/* Begin PBXFrameworksBuildPhase section */
		657C4ACA27983A1600432B86 /* Frameworks */ = {
			isa = PBXFrameworksBuildPhase;
			buildActionMask = 2147483647;
			files = (
				31D430C8194DCDEEF59AEED1 /* Pods_Runner.framework in Frameworks */,
			);
			runOnlyForDeploymentPostprocessing = 0;
		};
/* End PBXFrameworksBuildPhase section */

/* Begin PBXGroup section */
		343A8E01213DE04A4811FAFA /* Pods */ = {
			isa = PBXGroup;
			children = (
				A2EE433E3E5F68794D59E9BA /* Pods-Runner.debug.xcconfig */,
				9C87D8CFAFD03B7DDAA4743D /* Pods-Runner.release.xcconfig */,
			);
			path = Pods;
			sourceTree = "<group>";
		};
		657C4AC427983A1600432B86 = {
			isa = PBXGroup;
			children = (
				657C4ACF27983A1600432B86 /* Runner */,
				657C4ACE27983A1600432B86 /* Products */,
				343A8E01213DE04A4811FAFA /* Pods */,
				F129DB092825C7694689A82C /* Frameworks */,
			);
			sourceTree = "<group>";
		};
		657C4ACE27983A1600432B86 /* Products */ = {
			isa = PBXGroup;
			children = (
				657C4ACD27983A1600432B86 /* Runner.app */,
			);
			name = Products;
			sourceTree = "<group>";
		};
		657C4ACF27983A1600432B86 /* Runner */ = {
			isa = PBXGroup;
			children = (
				659623D6279DE6E4009D64B2 /* Extensions */,
				657C4AEA27986F2E00432B86 /* Model */,
				657C4AE927986F2100432B86 /* View */,
				657C4AE827986F1A00432B86 /* Controller */,
				657C4AD027983A1600432B86 /* AppDelegate.swift */,
				657C4AD227983A1600432B86 /* SceneDelegate.swift */,
				657C4AD627983A1600432B86 /* Main.storyboard */,
				657C4AD927983A1600432B86 /* Assets.xcassets */,
				657C4ADB27983A1600432B86 /* LaunchScreen.storyboard */,
				657C4ADE27983A1600432B86 /* Info.plist */,
			);
			path = Runner;
			sourceTree = "<group>";
		};
		657C4AE827986F1A00432B86 /* Controller */ = {
			isa = PBXGroup;
			children = (
				657C4AD427983A1600432B86 /* RunningTrackViewController.swift */,
				657C4AE42798408A00432B86 /* StartToRunViewController.swift */,
				657C4AE627986B8C00432B86 /* HistoryViewController.swift */,
				657C4AEB2798ADD700432B86 /* LocationViewController.swift */,
			);
			path = Controller;
			sourceTree = "<group>";
		};
		657C4AE927986F2100432B86 /* View */ = {
			isa = PBXGroup;
			children = (
				659623DD279F2ECD009D64B2 /* RunHistoryCell.swift */,
			);
			path = View;
			sourceTree = "<group>";
		};
		657C4AEA27986F2E00432B86 /* Model */ = {
			isa = PBXGroup;
			children = (
				659623D9279DF28D009D64B2 /* RunModel.swift */,
				659623DB279F2561009D64B2 /* Constants.swift */,
				652091B927A08B5400A0D166 /* Location.swift */,
			);
			path = Model;
			sourceTree = "<group>";
		};
		659623D6279DE6E4009D64B2 /* Extensions */ = {
			isa = PBXGroup;
			children = (
				659623D7279DE70E009D64B2 /* Extension.swift */,
			);
			path = Extensions;
			sourceTree = "<group>";
		};
		F129DB092825C7694689A82C /* Frameworks */ = {
			isa = PBXGroup;
			children = (
				FA382F1F5686E1BFD1F64B69 /* Pods_Runner.framework */,
			);
			name = Frameworks;
			sourceTree = "<group>";
		};
/* End PBXGroup section */

/* Begin PBXNativeTarget section */
		657C4ACC27983A1600432B86 /* Runner */ = {
			isa = PBXNativeTarget;
			buildConfigurationList = 657C4AE127983A1600432B86 /* Build configuration list for PBXNativeTarget "Runner" */;
			buildPhases = (
				39FA050DBD7DDEA36D863AD5 /* [CP] Check Pods Manifest.lock */,
				657C4AC927983A1600432B86 /* Sources */,
				657C4ACA27983A1600432B86 /* Frameworks */,
				657C4ACB27983A1600432B86 /* Resources */,
				EAE225D5DE2C834148ABBE0E /* [CP] Embed Pods Frameworks */,
			);
			buildRules = (
			);
			dependencies = (
			);
			name = Runner;
			productName = Runner;
			productReference = 657C4ACD27983A1600432B86 /* Runner.app */;
			productType = "com.apple.product-type.application";
		};
/* End PBXNativeTarget section */

/* Begin PBXProject section */
		657C4AC527983A1600432B86 /* Project object */ = {
			isa = PBXProject;
			attributes = {
				BuildIndependentTargetsInParallel = 1;
				LastSwiftUpdateCheck = 1310;
				LastUpgradeCheck = 1310;
				TargetAttributes = {
					657C4ACC27983A1600432B86 = {
						CreatedOnToolsVersion = 13.1;
					};
				};
			};
			buildConfigurationList = 657C4AC827983A1600432B86 /* Build configuration list for PBXProject "Runner" */;
			compatibilityVersion = "Xcode 13.0";
			developmentRegion = en;
			hasScannedForEncodings = 0;
			knownRegions = (
				en,
				Base,
			);
			mainGroup = 657C4AC427983A1600432B86;
			productRefGroup = 657C4ACE27983A1600432B86 /* Products */;
			projectDirPath = "";
			projectRoot = "";
			targets = (
				657C4ACC27983A1600432B86 /* Runner */,
			);
		};
/* End PBXProject section */

/* Begin PBXResourcesBuildPhase section */
		657C4ACB27983A1600432B86 /* Resources */ = {
			isa = PBXResourcesBuildPhase;
			buildActionMask = 2147483647;
			files = (
				657C4ADD27983A1600432B86 /* LaunchScreen.storyboard in Resources */,
				657C4ADA27983A1600432B86 /* Assets.xcassets in Resources */,
				657C4AD827983A1600432B86 /* Main.storyboard in Resources */,
			);
			runOnlyForDeploymentPostprocessing = 0;
		};
/* End PBXResourcesBuildPhase section */

/* Begin PBXShellScriptBuildPhase section */
		39FA050DBD7DDEA36D863AD5 /* [CP] Check Pods Manifest.lock */ = {
			isa = PBXShellScriptBuildPhase;
			buildActionMask = 2147483647;
			files = (
			);
			inputFileListPaths = (
			);
			inputPaths = (
				"${PODS_PODFILE_DIR_PATH}/Podfile.lock",
				"${PODS_ROOT}/Manifest.lock",
			);
			name = "[CP] Check Pods Manifest.lock";
			outputFileListPaths = (
			);
			outputPaths = (
				"$(DERIVED_FILE_DIR)/Pods-Runner-checkManifestLockResult.txt",
			);
			runOnlyForDeploymentPostprocessing = 0;
			shellPath = /bin/sh;
			shellScript = "diff \"${PODS_PODFILE_DIR_PATH}/Podfile.lock\" \"${PODS_ROOT}/Manifest.lock\" > /dev/null\nif [ $? != 0 ] ; then\n    # print error to STDERR\n    echo \"error: The sandbox is not in sync with the Podfile.lock. Run 'pod install' or update your CocoaPods installation.\" >&2\n    exit 1\nfi\n# This output is used by Xcode 'outputs' to avoid re-running this script phase.\necho \"SUCCESS\" > \"${SCRIPT_OUTPUT_FILE_0}\"\n";
			showEnvVarsInLog = 0;
		};
		EAE225D5DE2C834148ABBE0E /* [CP] Embed Pods Frameworks */ = {
			isa = PBXShellScriptBuildPhase;
			buildActionMask = 2147483647;
			files = (
			);
			inputFileListPaths = (
				"${PODS_ROOT}/Target Support Files/Pods-Runner/Pods-Runner-frameworks-${CONFIGURATION}-input-files.xcfilelist",
			);
			name = "[CP] Embed Pods Frameworks";
			outputFileListPaths = (
				"${PODS_ROOT}/Target Support Files/Pods-Runner/Pods-Runner-frameworks-${CONFIGURATION}-output-files.xcfilelist",
			);
			runOnlyForDeploymentPostprocessing = 0;
			shellPath = /bin/sh;
			shellScript = "\"${PODS_ROOT}/Target Support Files/Pods-Runner/Pods-Runner-frameworks.sh\"\n";
			showEnvVarsInLog = 0;
		};
/* End PBXShellScriptBuildPhase section */

/* Begin PBXSourcesBuildPhase section */
		657C4AC927983A1600432B86 /* Sources */ = {
			isa = PBXSourcesBuildPhase;
			buildActionMask = 2147483647;
			files = (
				657C4AD527983A1600432B86 /* RunningTrackViewController.swift in Sources */,
				652091BA27A08B5400A0D166 /* Location.swift in Sources */,
				657C4AD127983A1600432B86 /* AppDelegate.swift in Sources */,
				659623D8279DE70E009D64B2 /* Extension.swift in Sources */,
				657C4AE52798408A00432B86 /* StartToRunViewController.swift in Sources */,
				657C4AEC2798ADD700432B86 /* LocationViewController.swift in Sources */,
				657C4AE727986B8C00432B86 /* HistoryViewController.swift in Sources */,
				657C4AD327983A1600432B86 /* SceneDelegate.swift in Sources */,
				659623DA279DF28D009D64B2 /* RunModel.swift in Sources */,
				659623DE279F2ECD009D64B2 /* RunHistoryCell.swift in Sources */,
				659623DC279F2561009D64B2 /* Constants.swift in Sources */,
			);
			runOnlyForDeploymentPostprocessing = 0;
		};
/* End PBXSourcesBuildPhase section */

/* Begin PBXVariantGroup section */
		657C4AD627983A1600432B86 /* Main.storyboard */ = {
			isa = PBXVariantGroup;
			children = (
				657C4AD727983A1600432B86 /* Base */,
			);
			name = Main.storyboard;
			sourceTree = "<group>";
		};
		657C4ADB27983A1600432B86 /* LaunchScreen.storyboard */ = {
			isa = PBXVariantGroup;
			children = (
				657C4ADC27983A1600432B86 /* Base */,
			);
			name = LaunchScreen.storyboard;
			sourceTree = "<group>";
		};
/* End PBXVariantGroup section */

/* Begin XCBuildConfiguration section */
		657C4ADF27983A1600432B86 /* Debug */ = {
			isa = XCBuildConfiguration;
			buildSettings = {
				ALWAYS_SEARCH_USER_PATHS = NO;
				CLANG_ANALYZER_NONNULL = YES;
				CLANG_ANALYZER_NUMBER_OBJECT_CONVERSION = YES_AGGRESSIVE;
				CLANG_CXX_LANGUAGE_STANDARD = "gnu++17";
				CLANG_CXX_LIBRARY = "libc++";
				CLANG_ENABLE_MODULES = YES;
				CLANG_ENABLE_OBJC_ARC = YES;
				CLANG_ENABLE_OBJC_WEAK = YES;
				CLANG_WARN_BLOCK_CAPTURE_AUTORELEASING = YES;
				CLANG_WARN_BOOL_CONVERSION = YES;
				CLANG_WARN_COMMA = YES;
				CLANG_WARN_CONSTANT_CONVERSION = YES;
				CLANG_WARN_DEPRECATED_OBJC_IMPLEMENTATIONS = YES;
				CLANG_WARN_DIRECT_OBJC_ISA_USAGE = YES_ERROR;
				CLANG_WARN_DOCUMENTATION_COMMENTS = YES;
				CLANG_WARN_EMPTY_BODY = YES;
				CLANG_WARN_ENUM_CONVERSION = YES;
				CLANG_WARN_INFINITE_RECURSION = YES;
				CLANG_WARN_INT_CONVERSION = YES;
				CLANG_WARN_NON_LITERAL_NULL_CONVERSION = YES;
				CLANG_WARN_OBJC_IMPLICIT_RETAIN_SELF = YES;
				CLANG_WARN_OBJC_LITERAL_CONVERSION = YES;
				CLANG_WARN_OBJC_ROOT_CLASS = YES_ERROR;
				CLANG_WARN_QUOTED_INCLUDE_IN_FRAMEWORK_HEADER = YES;
				CLANG_WARN_RANGE_LOOP_ANALYSIS = YES;
				CLANG_WARN_STRICT_PROTOTYPES = YES;
				CLANG_WARN_SUSPICIOUS_MOVE = YES;
				CLANG_WARN_UNGUARDED_AVAILABILITY = YES_AGGRESSIVE;
				CLANG_WARN_UNREACHABLE_CODE = YES;
				CLANG_WARN__DUPLICATE_METHOD_MATCH = YES;
				COPY_PHASE_STRIP = NO;
				DEBUG_INFORMATION_FORMAT = dwarf;
				ENABLE_STRICT_OBJC_MSGSEND = YES;
				ENABLE_TESTABILITY = YES;
				GCC_C_LANGUAGE_STANDARD = gnu11;
				GCC_DYNAMIC_NO_PIC = NO;
				GCC_NO_COMMON_BLOCKS = YES;
				GCC_OPTIMIZATION_LEVEL = 0;
				GCC_PREPROCESSOR_DEFINITIONS = (
					"DEBUG=1",
					"$(inherited)",
				);
				GCC_WARN_64_TO_32_BIT_CONVERSION = YES;
				GCC_WARN_ABOUT_RETURN_TYPE = YES_ERROR;
				GCC_WARN_UNDECLARED_SELECTOR = YES;
				GCC_WARN_UNINITIALIZED_AUTOS = YES_AGGRESSIVE;
				GCC_WARN_UNUSED_FUNCTION = YES;
				GCC_WARN_UNUSED_VARIABLE = YES;
				IPHONEOS_DEPLOYMENT_TARGET = 15.0;
				MTL_ENABLE_DEBUG_INFO = INCLUDE_SOURCE;
				MTL_FAST_MATH = YES;
				ONLY_ACTIVE_ARCH = YES;
				SDKROOT = iphoneos;
				SWIFT_ACTIVE_COMPILATION_CONDITIONS = DEBUG;
				SWIFT_OPTIMIZATION_LEVEL = "-Onone";
			};
			name = Debug;
		};
		657C4AE027983A1600432B86 /* Release */ = {
			isa = XCBuildConfiguration;
			buildSettings = {
				ALWAYS_SEARCH_USER_PATHS = NO;
				CLANG_ANALYZER_NONNULL = YES;
				CLANG_ANALYZER_NUMBER_OBJECT_CONVERSION = YES_AGGRESSIVE;
				CLANG_CXX_LANGUAGE_STANDARD = "gnu++17";
				CLANG_CXX_LIBRARY = "libc++";
				CLANG_ENABLE_MODULES = YES;
				CLANG_ENABLE_OBJC_ARC = YES;
				CLANG_ENABLE_OBJC_WEAK = YES;
				CLANG_WARN_BLOCK_CAPTURE_AUTORELEASING = YES;
				CLANG_WARN_BOOL_CONVERSION = YES;
				CLANG_WARN_COMMA = YES;
				CLANG_WARN_CONSTANT_CONVERSION = YES;
				CLANG_WARN_DEPRECATED_OBJC_IMPLEMENTATIONS = YES;
				CLANG_WARN_DIRECT_OBJC_ISA_USAGE = YES_ERROR;
				CLANG_WARN_DOCUMENTATION_COMMENTS = YES;
				CLANG_WARN_EMPTY_BODY = YES;
				CLANG_WARN_ENUM_CONVERSION = YES;
				CLANG_WARN_INFINITE_RECURSION = YES;
				CLANG_WARN_INT_CONVERSION = YES;
				CLANG_WARN_NON_LITERAL_NULL_CONVERSION = YES;
				CLANG_WARN_OBJC_IMPLICIT_RETAIN_SELF = YES;
				CLANG_WARN_OBJC_LITERAL_CONVERSION = YES;
				CLANG_WARN_OBJC_ROOT_CLASS = YES_ERROR;
				CLANG_WARN_QUOTED_INCLUDE_IN_FRAMEWORK_HEADER = YES;
				CLANG_WARN_RANGE_LOOP_ANALYSIS = YES;
				CLANG_WARN_STRICT_PROTOTYPES = YES;
				CLANG_WARN_SUSPICIOUS_MOVE = YES;
				CLANG_WARN_UNGUARDED_AVAILABILITY = YES_AGGRESSIVE;
				CLANG_WARN_UNREACHABLE_CODE = YES;
				CLANG_WARN__DUPLICATE_METHOD_MATCH = YES;
				COPY_PHASE_STRIP = NO;
				DEBUG_INFORMATION_FORMAT = "dwarf-with-dsym";
				ENABLE_NS_ASSERTIONS = NO;
				ENABLE_STRICT_OBJC_MSGSEND = YES;
				GCC_C_LANGUAGE_STANDARD = gnu11;
				GCC_NO_COMMON_BLOCKS = YES;
				GCC_WARN_64_TO_32_BIT_CONVERSION = YES;
				GCC_WARN_ABOUT_RETURN_TYPE = YES_ERROR;
				GCC_WARN_UNDECLARED_SELECTOR = YES;
				GCC_WARN_UNINITIALIZED_AUTOS = YES_AGGRESSIVE;
				GCC_WARN_UNUSED_FUNCTION = YES;
				GCC_WARN_UNUSED_VARIABLE = YES;
				IPHONEOS_DEPLOYMENT_TARGET = 15.0;
				MTL_ENABLE_DEBUG_INFO = NO;
				MTL_FAST_MATH = YES;
				SDKROOT = iphoneos;
				SWIFT_COMPILATION_MODE = wholemodule;
				SWIFT_OPTIMIZATION_LEVEL = "-O";
				VALIDATE_PRODUCT = YES;
			};
			name = Release;
		};
		657C4AE227983A1600432B86 /* Debug */ = {
			isa = XCBuildConfiguration;
			baseConfigurationReference = A2EE433E3E5F68794D59E9BA /* Pods-Runner.debug.xcconfig */;
			buildSettings = {
				ASSETCATALOG_COMPILER_APPICON_NAME = AppIcon;
				ASSETCATALOG_COMPILER_GLOBAL_ACCENT_COLOR_NAME = AccentColor;
				CODE_SIGN_STYLE = Automatic;
				CURRENT_PROJECT_VERSION = 1;
				DEVELOPMENT_TEAM = 9WRKNA5JUR;
				GENERATE_INFOPLIST_FILE = YES;
				INFOPLIST_FILE = Runner/Info.plist;
				INFOPLIST_KEY_UIApplicationSupportsIndirectInputEvents = YES;
				INFOPLIST_KEY_UILaunchStoryboardName = LaunchScreen;
				INFOPLIST_KEY_UIMainStoryboardFile = Main;
				INFOPLIST_KEY_UISupportedInterfaceOrientations_iPad = "UIInterfaceOrientationPortrait UIInterfaceOrientationPortraitUpsideDown UIInterfaceOrientationLandscapeLeft UIInterfaceOrientationLandscapeRight";
				INFOPLIST_KEY_UISupportedInterfaceOrientations_iPhone = "UIInterfaceOrientationPortrait UIInterfaceOrientationLandscapeLeft UIInterfaceOrientationLandscapeRight";
				LD_RUNPATH_SEARCH_PATHS = (
					"$(inherited)",
					"@executable_path/Frameworks",
				);
				MARKETING_VERSION = 1.0;
				PRODUCT_BUNDLE_IDENTIFIER = com.vehitemretellier.Runner;
				PRODUCT_NAME = "$(TARGET_NAME)";
				SWIFT_EMIT_LOC_STRINGS = YES;
				SWIFT_VERSION = 5.0;
				TARGETED_DEVICE_FAMILY = "1,2";
			};
			name = Debug;
		};
		657C4AE327983A1600432B86 /* Release */ = {
			isa = XCBuildConfiguration;
			baseConfigurationReference = 9C87D8CFAFD03B7DDAA4743D /* Pods-Runner.release.xcconfig */;
			buildSettings = {
				ASSETCATALOG_COMPILER_APPICON_NAME = AppIcon;
				ASSETCATALOG_COMPILER_GLOBAL_ACCENT_COLOR_NAME = AccentColor;
				CODE_SIGN_STYLE = Automatic;
				CURRENT_PROJECT_VERSION = 1;
				DEVELOPMENT_TEAM = 9WRKNA5JUR;
				GENERATE_INFOPLIST_FILE = YES;
				INFOPLIST_FILE = Runner/Info.plist;
				INFOPLIST_KEY_UIApplicationSupportsIndirectInputEvents = YES;
				INFOPLIST_KEY_UILaunchStoryboardName = LaunchScreen;
				INFOPLIST_KEY_UIMainStoryboardFile = Main;
				INFOPLIST_KEY_UISupportedInterfaceOrientations_iPad = "UIInterfaceOrientationPortrait UIInterfaceOrientationPortraitUpsideDown UIInterfaceOrientationLandscapeLeft UIInterfaceOrientationLandscapeRight";
				INFOPLIST_KEY_UISupportedInterfaceOrientations_iPhone = "UIInterfaceOrientationPortrait UIInterfaceOrientationLandscapeLeft UIInterfaceOrientationLandscapeRight";
				LD_RUNPATH_SEARCH_PATHS = (
					"$(inherited)",
					"@executable_path/Frameworks",
				);
				MARKETING_VERSION = 1.0;
				PRODUCT_BUNDLE_IDENTIFIER = com.vehitemretellier.Runner;
				PRODUCT_NAME = "$(TARGET_NAME)";
				SWIFT_EMIT_LOC_STRINGS = YES;
				SWIFT_VERSION = 5.0;
				TARGETED_DEVICE_FAMILY = "1,2";
			};
			name = Release;
		};
/* End XCBuildConfiguration section */

/* Begin XCConfigurationList section */
		657C4AC827983A1600432B86 /* Build configuration list for PBXProject "Runner" */ = {
			isa = XCConfigurationList;
			buildConfigurations = (
				657C4ADF27983A1600432B86 /* Debug */,
				657C4AE027983A1600432B86 /* Release */,
			);
			defaultConfigurationIsVisible = 0;
			defaultConfigurationName = Release;
		};
		657C4AE127983A1600432B86 /* Build configuration list for PBXNativeTarget "Runner" */ = {
			isa = XCConfigurationList;
			buildConfigurations = (
				657C4AE227983A1600432B86 /* Debug */,
				657C4AE327983A1600432B86 /* Release */,
			);
			defaultConfigurationIsVisible = 0;
			defaultConfigurationName = Release;
		};
/* End XCConfigurationList section */
	};
	rootObject = 657C4AC527983A1600432B86 /* Project object */;
}
